
Microsoft Visual Studio Solution File, Format Version 12.00
# Visual Studio Version 16
VisualStudioVersion = 16.0.31105.61
MinimumVisualStudioVersion = 10.0.40219.1
Project("{FAE04EC0-301F-11D3-BF4B-00C04F79EFBC}") = "SimpleCalculator", "SimpleCalculator\SimpleCalculator.csproj", "{11FC679D-0C97-44C3-A131-06529805437E}"
EndProject
Global
	GlobalSection(SolutionConfigurationPlatforms) = preSolution
		Debug|Any CPU = Debug|Any CPU
		Release|Any CPU = Release|Any CPU
	EndGlobalSection
	GlobalSection(ProjectConfigurationPlatforms) = postSolution
		{11FC679D-0C97-44C3-A131-06529805437E}.Debug|Any CPU.ActiveCfg = Debug|Any CPU
		{11FC679D-0C97-44C3-A131-06529805437E}.Debug|Any CPU.Build.0 = Debug|Any CPU
		{11FC679D-0C97-44C3-A131-06529805437E}.Release|Any CPU.ActiveCfg = Release|Any CPU
		{11FC679D-0C97-44C3-A131-06529805437E}.Release|Any CPU.Build.0 = Release|Any CPU
	EndGlobalSection
	GlobalSection(SolutionProperties) = preSolution
		HideSolutionNode = FALSE
	EndGlobalSection
	GlobalSection(ExtensibilityGlobals) = postSolution
		SolutionGuid = {B5845607-E1D8-4E26-AF8F-3B678C7B4AA3}
	EndGlobalSection
EndGlobal
